
Microsoft Visual Studio Solution File, Format Version 12.00
# Visual Studio Version 17
VisualStudioVersion = 17.4.33213.308
MinimumVisualStudioVersion = 10.0.40219.1
Project("{FAE04EC0-301F-11D3-BF4B-00C04F79EFBC}") = "Calcolatrice", "Calcolatrice\Calcolatrice.csproj", "{FDD820F4-C2A2-4BAD-AFC6-6D23976E6799}"
EndProject
Global
	GlobalSection(SolutionConfigurationPlatforms) = preSolution
		Debug|Any CPU = Debug|Any CPU
		Release|Any CPU = Release|Any CPU
	EndGlobalSection
	GlobalSection(ProjectConfigurationPlatforms) = postSolution
		{FDD820F4-C2A2-4BAD-AFC6-6D23976E6799}.Debug|Any CPU.ActiveCfg = Debug|Any CPU
		{FDD820F4-C2A2-4BAD-AFC6-6D23976E6799}.Debug|Any CPU.Build.0 = Debug|Any CPU
		{FDD820F4-C2A2-4BAD-AFC6-6D23976E6799}.Release|Any CPU.ActiveCfg = Release|Any CPU
		{FDD820F4-C2A2-4BAD-AFC6-6D23976E6799}.Release|Any CPU.Build.0 = Release|Any CPU
	EndGlobalSection
	GlobalSection(SolutionProperties) = preSolution
		HideSolutionNode = FALSE
	EndGlobalSection
	GlobalSection(ExtensibilityGlobals) = postSolution
		SolutionGuid = {8E62CBBC-2D96-46F0-8F6F-3C4EA60648B6}
	EndGlobalSection
EndGlobal
